# This file is automatically @generated by Cargo.
# It is not intended for manual editing.
version = 4

[[package]]
name = "mp4util"
version = "0.1.0"
dependencies = [
 "noargs",
 "shiguredo_mp4",
]

[[package]]
name = "noargs"
version = "0.4.1"
source = "registry+https://github.com/rust-lang/crates.io-index"
checksum = "fe77e710319d3ff009f93efc433d879e80e6336f5b87ace6d6db7ca5951085c3"

[[package]]
name = "shiguredo_mp4"
version = "2025.2.0"
source = "registry+https://github.com/rust-lang/crates.io-index"
checksum = "531b351cb6aa06e9e8ea5d55367ee1b634120f0d430f65e5a10ab135e151b164"
