# This file is automatically @generated by Cargo.
# It is not intended for manual editing.
version = 4

[[package]]
name = "mp4-util"
version = "0.1.0"
dependencies = [
 "noargs",
 "shiguredo_mp4",
]

[[package]]
name = "noargs"
version = "0.1.0"
source = "registry+https://github.com/rust-lang/crates.io-index"
checksum = "971e14b3f082b1c129148b3e293065efa86c2140e4ec3777686389446e6ba264"

[[package]]
name = "shiguredo_mp4"
version = "2025.1.0"
source = "registry+https://github.com/rust-lang/crates.io-index"
checksum = "d74bd04dc827a7f96d11d77dc432d92666198bb813ab8db477e869539b5b7ccb"
